
Microsoft Visual Studio Solution File, Format Version 12.00
# Visual Studio Version 17
VisualStudioVersion = 17.3.32804.467
MinimumVisualStudioVersion = 10.0.40219.1
Project("{9A19103F-16F7-4668-BE54-9A1E7A4F7556}") = "WebAppDETAug2022", "WebAppDETAug2022\WebAppDETAug2022.csproj", "{721400AA-7B2C-48FB-9ACA-16F8678E689D}"
EndProject
Project("{9A19103F-16F7-4668-BE54-9A1E7A4F7556}") = "MVCDemo", "MVCDemo\MVCDemo.csproj", "{F32BFEE2-6E77-4449-878E-0B973FF931E5}"
EndProject
Project("{9A19103F-16F7-4668-BE54-9A1E7A4F7556}") = "APIDemo", "APIDemo\APIDemo.csproj", "{3446E22E-BD6A-40F0-A930-292B0A0D7791}"
EndProject
Project("{9A19103F-16F7-4668-BE54-9A1E7A4F7556}") = "APIClient", "APIClient\APIClient.csproj", "{E8A7FA91-4A39-44B9-A504-B3ECA3F02A02}"
EndProject
Project("{9A19103F-16F7-4668-BE54-9A1E7A4F7556}") = "TodoAPI1", "TodoAPI1\TodoAPI1.csproj", "{F5F0AADE-D6BA-4C90-92BA-0B9FA3473112}"
EndProject
Project("{9A19103F-16F7-4668-BE54-9A1E7A4F7556}") = "ODatademo.API", "ODatademo.API\ODatademo.API.csproj", "{EA144555-9DE7-49FB-BFDA-57DE21F7455D}"
EndProject
Project("{9A19103F-16F7-4668-BE54-9A1E7A4F7556}") = "Bank1", "Bank1\Bank1.csproj", "{DF07AA91-610D-4816-ACAB-FBC4D4756187}"
EndProject
Project("{9A19103F-16F7-4668-BE54-9A1E7A4F7556}") = "BankTest", "BankTest\BankTest.csproj", "{7FD65DBB-198A-496C-A607-85CAC911FA83}"
EndProject
Project("{9A19103F-16F7-4668-BE54-9A1E7A4F7556}") = "MyFirstUnitTests", "MyFirstUnitTests\MyFirstUnitTests.csproj", "{BACFB569-83B1-489C-BA2A-795A35388DB3}"
EndProject
Project("{FAE04EC0-301F-11D3-BF4B-00C04F79EFBC}") = "TDDDemo", "TDDDemo\TDDDemo.csproj", "{9400E39B-FE2D-4040-AE4E-32E087B5A8E8}"
EndProject
Project("{FAE04EC0-301F-11D3-BF4B-00C04F79EFBC}") = "LibraryApi", "LibraryApl\LibraryApi.csproj", "{218B0695-EA7B-4AEB-BD9A-CB217BE97641}"
EndProject
Project("{FAE04EC0-301F-11D3-BF4B-00C04F79EFBC}") = "LibraryAPI.Test", "LibraryAPI.Test\LibraryAPI.Test.csproj", "{9A3292BB-0FA6-4499-943F-9E68924600DB}"
EndProject
Global
	GlobalSection(SolutionConfigurationPlatforms) = preSolution
		Debug|Any CPU = Debug|Any CPU
		Release|Any CPU = Release|Any CPU
	EndGlobalSection
	GlobalSection(ProjectConfigurationPlatforms) = postSolution
		{721400AA-7B2C-48FB-9ACA-16F8678E689D}.Debug|Any CPU.ActiveCfg = Debug|Any CPU
		{721400AA-7B2C-48FB-9ACA-16F8678E689D}.Debug|Any CPU.Build.0 = Debug|Any CPU
		{721400AA-7B2C-48FB-9ACA-16F8678E689D}.Release|Any CPU.ActiveCfg = Release|Any CPU
		{721400AA-7B2C-48FB-9ACA-16F8678E689D}.Release|Any CPU.Build.0 = Release|Any CPU
		{F32BFEE2-6E77-4449-878E-0B973FF931E5}.Debug|Any CPU.ActiveCfg = Debug|Any CPU
		{F32BFEE2-6E77-4449-878E-0B973FF931E5}.Debug|Any CPU.Build.0 = Debug|Any CPU
		{F32BFEE2-6E77-4449-878E-0B973FF931E5}.Release|Any CPU.ActiveCfg = Release|Any CPU
		{F32BFEE2-6E77-4449-878E-0B973FF931E5}.Release|Any CPU.Build.0 = Release|Any CPU
		{3446E22E-BD6A-40F0-A930-292B0A0D7791}.Debug|Any CPU.ActiveCfg = Debug|Any CPU
		{3446E22E-BD6A-40F0-A930-292B0A0D7791}.Debug|Any CPU.Build.0 = Debug|Any CPU
		{3446E22E-BD6A-40F0-A930-292B0A0D7791}.Release|Any CPU.ActiveCfg = Release|Any CPU
		{3446E22E-BD6A-40F0-A930-292B0A0D7791}.Release|Any CPU.Build.0 = Release|Any CPU
		{E8A7FA91-4A39-44B9-A504-B3ECA3F02A02}.Debug|Any CPU.ActiveCfg = Debug|Any CPU
		{E8A7FA91-4A39-44B9-A504-B3ECA3F02A02}.Debug|Any CPU.Build.0 = Debug|Any CPU
		{E8A7FA91-4A39-44B9-A504-B3ECA3F02A02}.Release|Any CPU.ActiveCfg = Release|Any CPU
		{E8A7FA91-4A39-44B9-A504-B3ECA3F02A02}.Release|Any CPU.Build.0 = Release|Any CPU
		{F5F0AADE-D6BA-4C90-92BA-0B9FA3473112}.Debug|Any CPU.ActiveCfg = Debug|Any CPU
		{F5F0AADE-D6BA-4C90-92BA-0B9FA3473112}.Debug|Any CPU.Build.0 = Debug|Any CPU
		{F5F0AADE-D6BA-4C90-92BA-0B9FA3473112}.Release|Any CPU.ActiveCfg = Release|Any CPU
		{F5F0AADE-D6BA-4C90-92BA-0B9FA3473112}.Release|Any CPU.Build.0 = Release|Any CPU
		{EA144555-9DE7-49FB-BFDA-57DE21F7455D}.Debug|Any CPU.ActiveCfg = Debug|Any CPU
		{EA144555-9DE7-49FB-BFDA-57DE21F7455D}.Debug|Any CPU.Build.0 = Debug|Any CPU
		{EA144555-9DE7-49FB-BFDA-57DE21F7455D}.Release|Any CPU.ActiveCfg = Release|Any CPU
		{EA144555-9DE7-49FB-BFDA-57DE21F7455D}.Release|Any CPU.Build.0 = Release|Any CPU
		{DF07AA91-610D-4816-ACAB-FBC4D4756187}.Debug|Any CPU.ActiveCfg = Debug|Any CPU
		{DF07AA91-610D-4816-ACAB-FBC4D4756187}.Debug|Any CPU.Build.0 = Debug|Any CPU
		{DF07AA91-610D-4816-ACAB-FBC4D4756187}.Release|Any CPU.ActiveCfg = Release|Any CPU
		{DF07AA91-610D-4816-ACAB-FBC4D4756187}.Release|Any CPU.Build.0 = Release|Any CPU
		{7FD65DBB-198A-496C-A607-85CAC911FA83}.Debug|Any CPU.ActiveCfg = Debug|Any CPU
		{7FD65DBB-198A-496C-A607-85CAC911FA83}.Debug|Any CPU.Build.0 = Debug|Any CPU
		{7FD65DBB-198A-496C-A607-85CAC911FA83}.Release|Any CPU.ActiveCfg = Release|Any CPU
		{7FD65DBB-198A-496C-A607-85CAC911FA83}.Release|Any CPU.Build.0 = Release|Any CPU
		{BACFB569-83B1-489C-BA2A-795A35388DB3}.Debug|Any CPU.ActiveCfg = Debug|Any CPU
		{BACFB569-83B1-489C-BA2A-795A35388DB3}.Debug|Any CPU.Build.0 = Debug|Any CPU
		{BACFB569-83B1-489C-BA2A-795A35388DB3}.Release|Any CPU.ActiveCfg = Release|Any CPU
		{BACFB569-83B1-489C-BA2A-795A35388DB3}.Release|Any CPU.Build.0 = Release|Any CPU
		{9400E39B-FE2D-4040-AE4E-32E087B5A8E8}.Debug|Any CPU.ActiveCfg = Debug|Any CPU
		{9400E39B-FE2D-4040-AE4E-32E087B5A8E8}.Debug|Any CPU.Build.0 = Debug|Any CPU
		{9400E39B-FE2D-4040-AE4E-32E087B5A8E8}.Release|Any CPU.ActiveCfg = Release|Any CPU
		{9400E39B-FE2D-4040-AE4E-32E087B5A8E8}.Release|Any CPU.Build.0 = Release|Any CPU
		{218B0695-EA7B-4AEB-BD9A-CB217BE97641}.Debug|Any CPU.ActiveCfg = Debug|Any CPU
		{218B0695-EA7B-4AEB-BD9A-CB217BE97641}.Debug|Any CPU.Build.0 = Debug|Any CPU
		{218B0695-EA7B-4AEB-BD9A-CB217BE97641}.Release|Any CPU.ActiveCfg = Release|Any CPU
		{218B0695-EA7B-4AEB-BD9A-CB217BE97641}.Release|Any CPU.Build.0 = Release|Any CPU
		{9A3292BB-0FA6-4499-943F-9E68924600DB}.Debug|Any CPU.ActiveCfg = Debug|Any CPU
		{9A3292BB-0FA6-4499-943F-9E68924600DB}.Debug|Any CPU.Build.0 = Debug|Any CPU
		{9A3292BB-0FA6-4499-943F-9E68924600DB}.Release|Any CPU.ActiveCfg = Release|Any CPU
		{9A3292BB-0FA6-4499-943F-9E68924600DB}.Release|Any CPU.Build.0 = Release|Any CPU
	EndGlobalSection
	GlobalSection(SolutionProperties) = preSolution
		HideSolutionNode = FALSE
	EndGlobalSection
	GlobalSection(ExtensibilityGlobals) = postSolution
		SolutionGuid = {D22D1212-85FA-4087-8644-12B43E4E5E53}
	EndGlobalSection
EndGlobal
